
Microsoft Visual Studio Solution File, Format Version 12.00
# Visual Studio Version 16
VisualStudioVersion = 16.0.30717.126
MinimumVisualStudioVersion = 10.0.40219.1
Project("{9A19103F-16F7-4668-BE54-9A1E7A4F7556}") = "QuizMania.WebAPI", "QuizMania.WebAPI.csproj", "{D0862462-6F98-4610-888E-0D060E7DAD7D}"
EndProject
Project("{FAE04EC0-301F-11D3-BF4B-00C04F79EFBC}") = "QuizMania.WebAPI.Tests", "QuizMania.WebAPI.Tests\QuizMania.WebAPI.Tests.csproj", "{EDBB319A-7CB4-43E1-A97E-8CAF8342C0BD}"
EndProject
Global
	GlobalSection(SolutionConfigurationPlatforms) = preSolution
		Debug|Any CPU = Debug|Any CPU
		Release|Any CPU = Release|Any CPU
	EndGlobalSection
	GlobalSection(ProjectConfigurationPlatforms) = postSolution
		{D0862462-6F98-4610-888E-0D060E7DAD7D}.Debug|Any CPU.ActiveCfg = Debug|Any CPU
		{D0862462-6F98-4610-888E-0D060E7DAD7D}.Debug|Any CPU.Build.0 = Debug|Any CPU
		{D0862462-6F98-4610-888E-0D060E7DAD7D}.Release|Any CPU.ActiveCfg = Release|Any CPU
		{D0862462-6F98-4610-888E-0D060E7DAD7D}.Release|Any CPU.Build.0 = Release|Any CPU
		{EDBB319A-7CB4-43E1-A97E-8CAF8342C0BD}.Debug|Any CPU.ActiveCfg = Debug|Any CPU
		{EDBB319A-7CB4-43E1-A97E-8CAF8342C0BD}.Debug|Any CPU.Build.0 = Debug|Any CPU
		{EDBB319A-7CB4-43E1-A97E-8CAF8342C0BD}.Release|Any CPU.ActiveCfg = Release|Any CPU
		{EDBB319A-7CB4-43E1-A97E-8CAF8342C0BD}.Release|Any CPU.Build.0 = Release|Any CPU
	EndGlobalSection
	GlobalSection(SolutionProperties) = preSolution
		HideSolutionNode = FALSE
	EndGlobalSection
	GlobalSection(ExtensibilityGlobals) = postSolution
		SolutionGuid = {CCE819BA-F249-448C-821C-3BE71C0B8A0E}
	EndGlobalSection
EndGlobal
